# THIS IS AN AUTOGENERATED FILE. DO NOT EDIT THIS FILE DIRECTLY.
# yarn lockfile v1


codemirror@^5.52.2:
  version "5.52.2"
  resolved "https://registry.yarnpkg.com/codemirror/-/codemirror-5.52.2.tgz#c29e1f7179f85eb0dd17c0586fa810e4838ff584"
  integrity sha512-WCGCixNUck2HGvY8/ZNI1jYfxPG5cRHv0VjmWuNzbtCLz8qYA5d+je4QhSSCtCaagyeOwMi/HmmPTjBgiTm2lQ==

echarts@^4.7.0:
  version "4.8.0"
  resolved "https://registry.yarnpkg.com/echarts/-/echarts-4.8.0.tgz#b2c1cfb9229b13d368ee104fc8eea600b574d4c4"
  integrity sha512-YwShpug8fWngj/RlgxDaYrLBoD+LsZUArrusjNPHpAF+is+gGe38xx4W848AwWMGoi745t3OXM52JedNrv+F6g==
  dependencies:
    zrender "4.3.1"

lodash@^4.17.19:
  version "4.17.19"
  resolved "https://registry.yarnpkg.com/lodash/-/lodash-4.17.19.tgz#e48ddedbe30b3321783c5b4301fbd353bc1e4a4b"
  integrity sha512-JNvd8XER9GQX0v2qJgsaN/mzFCNA5BRe/j8JN9d+tWyGLSodKQHKFicdwNYzWwI3wjRnaKPsGj1XkBjx/F96DQ==

zrender@4.3.1:
  version "4.3.1"
  resolved "https://registry.yarnpkg.com/zrender/-/zrender-4.3.1.tgz#baf8aa6dc8187a2f819692d7d5f9bedfa2b90fa3"
  integrity sha512-CeH2TpJeCdG0TAGYoPSAcFX2ogdug1K7LIn9UO/q9HWqQ54gWhrMAlDP9AwWYMUDhrPe4VeazQ4DW3msD96nUQ==
